<?xml version="1.0" encoding="utf-8"?>
<Project ToolsVersion="4.0" xmlns="http://schemas.microsoft.com/developer/msbuild/2003">
  <ItemGroup>
    <Filter Include="Source Files">
      <UniqueIdentifier>{6208a83f-8177-4888-a212-b09b340217a0}</UniqueIdentifier>
      <Extensions>cpp;c;cxx;rc;def;r;odl;idl;hpj;bat</Extensions>
    </Filter>
    <Filter Include="Header Files">
      <UniqueIdentifier>{0059e3be-e64b-428e-a030-b9bb51ff3d7c}</UniqueIdentifier>
      <Extensions>h;hpp;hxx;hm;inl</Extensions>
    </Filter>
    <Filter Include="Resource Files">
      <UniqueIdentifier>{caeb3efe-51f7-49b8-bd78-1404616c7015}</UniqueIdentifier>
      <Extensions>ico;cur;bmp;dlg;rc2;rct;bin;rgs;gif;jpg;jpeg;jpe</Extensions>
    </Filter>
  </ItemGroup>
  <ItemGroup>
    <ClCompile Include="$(SourcePath)Base64.cpp">
      <Filter>Source Files</Filter>
    </ClCompile>
    <ClCompile Include="$(SourcePath)CmdLine.cpp">
      <Filter>Source Files</Filter>
    </ClCompile>
    <ClCompile Include="$(SourcePath)CXR.cpp">
      <Filter>Source Files</Filter>
    </ClCompile>
    <ClCompile Include="$(SourcePath)StdAfx.cpp">
      <Filter>Source Files</Filter>
    </ClCompile>
    <ClCompile Include="$(SourcePath)Tokenizer.cpp">
      <Filter>Source Files</Filter>
    </ClCompile>
    <ClCompile Include="..\src\log.cpp">
      <Filter>Source Files</Filter>
    </ClCompile>
    <ClCompile Include="..\src\Stream.cpp">
      <Filter>Source Files</Filter>
    </ClCompile>
  </ItemGroup>
  <ItemGroup>
    <ResourceCompile Include="$(ResourcesPath)CXR.rc">
      <Filter>Source Files</Filter>
    </ResourceCompile>
  </ItemGroup>
  <ItemGroup>
    <ClInclude Include="$(SourcePath)Base64.h">
      <Filter>Header Files</Filter>
    </ClInclude>
    <ClInclude Include="$(SourcePath)CmdLine.h">
      <Filter>Header Files</Filter>
    </ClInclude>
    <ClInclude Include="$(SourcePath)CXR.h">
      <Filter>Header Files</Filter>
    </ClInclude>
    <ClInclude Include="$(ResourcesPath)Resource.h">
      <Filter>Header Files</Filter>
    </ClInclude>
    <ClInclude Include="$(SourcePath)StdAfx.h">
      <Filter>Header Files</Filter>
    </ClInclude>
    <ClInclude Include="$(SourcePath)Stream.h">
      <Filter>Header Files</Filter>
    </ClInclude>
    <ClInclude Include="$(SourcePath)Tokenizer.h">
      <Filter>Header Files</Filter>
    </ClInclude>
    <ClInclude Include="..\src\cxr_inc.h">
      <Filter>Header Files</Filter>
    </ClInclude>
    <ClInclude Include="..\src\log.h">
      <Filter>Header Files</Filter>
    </ClInclude>
    <ClInclude Include="..\src\log_types.h">
      <Filter>Header Files</Filter>
    </ClInclude>
    <ClInclude Include="..\src\macros.h">
      <Filter>Header Files</Filter>
    </ClInclude>
    <ClInclude Include="..\src\myexception.h">
      <Filter>Header Files</Filter>
    </ClInclude>
    <ClInclude Include="..\src\nowarns.h">
      <Filter>Header Files</Filter>
    </ClInclude>
  </ItemGroup>
  <ItemGroup>
    <Text Include="$(SolutionRoot)README.md" />
  </ItemGroup>
</Project>